// !$*UTF8*$!
{
	archiveVersion = 1;
	classes = {
	};
	objectVersion = 46;
	objects = {

/* Begin PBXBuildFile section */
		6BDE67FA06BCFEA6CA0F79B8 /* Pods_StudentCollab.framework in Frameworks */ = {isa = PBXBuildFile; fileRef = A6C6BC8F008F288C4D855567 /* Pods_StudentCollab.framework */; };
		7122A5FE31F7AEEEBA2A7AE5 /* Pods_StudentCollabUITests.framework in Frameworks */ = {isa = PBXBuildFile; fileRef = AA6E7399195B73E170B18A97 /* Pods_StudentCollabUITests.framework */; };
		A47185E939CDE666E232934A /* Pods_StudentCollabTests.framework in Frameworks */ = {isa = PBXBuildFile; fileRef = C19B013AADB4939882B8FA55 /* Pods_StudentCollabTests.framework */; };
		D95C366B1F6D8D1D006484C9 /* GoogleService-Info.plist in Resources */ = {isa = PBXBuildFile; fileRef = D95C366A1F6D8D1D006484C9 /* GoogleService-Info.plist */; };
		D95C366F1F6DAB02006484C9 /* RoomsViewController.swift in Sources */ = {isa = PBXBuildFile; fileRef = D95C366E1F6DAB02006484C9 /* RoomsViewController.swift */; };
		D95C36731F6DABE6006484C9 /* RoomsTableViewCell.swift in Sources */ = {isa = PBXBuildFile; fileRef = D95C36721F6DABE6006484C9 /* RoomsTableViewCell.swift */; };
		D95C36771F6DF290006484C9 /* HostViewController.swift in Sources */ = {isa = PBXBuildFile; fileRef = D95C36761F6DF290006484C9 /* HostViewController.swift */; };
		D9A1B8181F6D7E5500B95DF5 /* AppDelegate.swift in Sources */ = {isa = PBXBuildFile; fileRef = D9A1B8171F6D7E5500B95DF5 /* AppDelegate.swift */; };
		D9A1B81A1F6D7E5500B95DF5 /* ViewController.swift in Sources */ = {isa = PBXBuildFile; fileRef = D9A1B8191F6D7E5500B95DF5 /* ViewController.swift */; };
		D9A1B81D1F6D7E5500B95DF5 /* Main.storyboard in Resources */ = {isa = PBXBuildFile; fileRef = D9A1B81B1F6D7E5500B95DF5 /* Main.storyboard */; };
		D9A1B81F1F6D7E5500B95DF5 /* Assets.xcassets in Resources */ = {isa = PBXBuildFile; fileRef = D9A1B81E1F6D7E5500B95DF5 /* Assets.xcassets */; };
		D9A1B8221F6D7E5500B95DF5 /* LaunchScreen.storyboard in Resources */ = {isa = PBXBuildFile; fileRef = D9A1B8201F6D7E5500B95DF5 /* LaunchScreen.storyboard */; };
		D9A1B82D1F6D7E5500B95DF5 /* StudentCollabTests.swift in Sources */ = {isa = PBXBuildFile; fileRef = D9A1B82C1F6D7E5500B95DF5 /* StudentCollabTests.swift */; };
		D9A1B8381F6D7E5500B95DF5 /* StudentCollabUITests.swift in Sources */ = {isa = PBXBuildFile; fileRef = D9A1B8371F6D7E5500B95DF5 /* StudentCollabUITests.swift */; };
/* End PBXBuildFile section */

/* Begin PBXContainerItemProxy section */
		D9A1B8291F6D7E5500B95DF5 /* PBXContainerItemProxy */ = {
			isa = PBXContainerItemProxy;
			containerPortal = D9A1B80C1F6D7E5500B95DF5 /* Project object */;
			proxyType = 1;
			remoteGlobalIDString = D9A1B8131F6D7E5500B95DF5;
			remoteInfo = StudentCollab;
		};
		D9A1B8341F6D7E5500B95DF5 /* PBXContainerItemProxy */ = {
			isa = PBXContainerItemProxy;
			containerPortal = D9A1B80C1F6D7E5500B95DF5 /* Project object */;
			proxyType = 1;
			remoteGlobalIDString = D9A1B8131F6D7E5500B95DF5;
			remoteInfo = StudentCollab;
		};
/* End PBXContainerItemProxy section */

/* Begin PBXFileReference section */
		1DA209493C6D77CEF32011BA /* Pods-StudentCollabTests.release.xcconfig */ = {isa = PBXFileReference; includeInIndex = 1; lastKnownFileType = text.xcconfig; name = "Pods-StudentCollabTests.release.xcconfig"; path = "Pods/Target Support Files/Pods-StudentCollabTests/Pods-StudentCollabTests.release.xcconfig"; sourceTree = "<group>"; };
		36BC9FF3E481A36483B628E2 /* Pods-StudentCollab.debug.xcconfig */ = {isa = PBXFileReference; includeInIndex = 1; lastKnownFileType = text.xcconfig; name = "Pods-StudentCollab.debug.xcconfig"; path = "Pods/Target Support Files/Pods-StudentCollab/Pods-StudentCollab.debug.xcconfig"; sourceTree = "<group>"; };
		49023714336ECBC429C437FA /* Pods-StudentCollabUITests.release.xcconfig */ = {isa = PBXFileReference; includeInIndex = 1; lastKnownFileType = text.xcconfig; name = "Pods-StudentCollabUITests.release.xcconfig"; path = "Pods/Target Support Files/Pods-StudentCollabUITests/Pods-StudentCollabUITests.release.xcconfig"; sourceTree = "<group>"; };
		93890C83077639C2D941AC26 /* Pods-StudentCollabUITests.debug.xcconfig */ = {isa = PBXFileReference; includeInIndex = 1; lastKnownFileType = text.xcconfig; name = "Pods-StudentCollabUITests.debug.xcconfig"; path = "Pods/Target Support Files/Pods-StudentCollabUITests/Pods-StudentCollabUITests.debug.xcconfig"; sourceTree = "<group>"; };
		A31D79327C4ABC66CC224DDC /* Pods-StudentCollabTests.debug.xcconfig */ = {isa = PBXFileReference; includeInIndex = 1; lastKnownFileType = text.xcconfig; name = "Pods-StudentCollabTests.debug.xcconfig"; path = "Pods/Target Support Files/Pods-StudentCollabTests/Pods-StudentCollabTests.debug.xcconfig"; sourceTree = "<group>"; };
		A6C6BC8F008F288C4D855567 /* Pods_StudentCollab.framework */ = {isa = PBXFileReference; explicitFileType = wrapper.framework; includeInIndex = 0; path = Pods_StudentCollab.framework; sourceTree = BUILT_PRODUCTS_DIR; };
		AA6E7399195B73E170B18A97 /* Pods_StudentCollabUITests.framework */ = {isa = PBXFileReference; explicitFileType = wrapper.framework; includeInIndex = 0; path = Pods_StudentCollabUITests.framework; sourceTree = BUILT_PRODUCTS_DIR; };
		C19B013AADB4939882B8FA55 /* Pods_StudentCollabTests.framework */ = {isa = PBXFileReference; explicitFileType = wrapper.framework; includeInIndex = 0; path = Pods_StudentCollabTests.framework; sourceTree = BUILT_PRODUCTS_DIR; };
		CC45F7E839719EE5F3AF4861 /* Pods-StudentCollab.release.xcconfig */ = {isa = PBXFileReference; includeInIndex = 1; lastKnownFileType = text.xcconfig; name = "Pods-StudentCollab.release.xcconfig"; path = "Pods/Target Support Files/Pods-StudentCollab/Pods-StudentCollab.release.xcconfig"; sourceTree = "<group>"; };
		D95C366A1F6D8D1D006484C9 /* GoogleService-Info.plist */ = {isa = PBXFileReference; fileEncoding = 4; lastKnownFileType = text.plist.xml; path = "GoogleService-Info.plist"; sourceTree = "<group>"; };
		D95C366E1F6DAB02006484C9 /* RoomsViewController.swift */ = {isa = PBXFileReference; fileEncoding = 4; lastKnownFileType = sourcecode.swift; path = RoomsViewController.swift; sourceTree = "<group>"; };
		D95C36721F6DABE6006484C9 /* RoomsTableViewCell.swift */ = {isa = PBXFileReference; fileEncoding = 4; lastKnownFileType = sourcecode.swift; path = RoomsTableViewCell.swift; sourceTree = "<group>"; };
		D95C36761F6DF290006484C9 /* HostViewController.swift */ = {isa = PBXFileReference; fileEncoding = 4; lastKnownFileType = sourcecode.swift; path = HostViewController.swift; sourceTree = "<group>"; };
		D9A1B8141F6D7E5500B95DF5 /* StudentCollab.app */ = {isa = PBXFileReference; explicitFileType = wrapper.application; includeInIndex = 0; path = StudentCollab.app; sourceTree = BUILT_PRODUCTS_DIR; };
		D9A1B8171F6D7E5500B95DF5 /* AppDelegate.swift */ = {isa = PBXFileReference; lastKnownFileType = sourcecode.swift; path = AppDelegate.swift; sourceTree = "<group>"; };
		D9A1B8191F6D7E5500B95DF5 /* ViewController.swift */ = {isa = PBXFileReference; lastKnownFileType = sourcecode.swift; path = ViewController.swift; sourceTree = "<group>"; };
		D9A1B81C1F6D7E5500B95DF5 /* Base */ = {isa = PBXFileReference; lastKnownFileType = file.storyboard; name = Base; path = Base.lproj/Main.storyboard; sourceTree = "<group>"; };
		D9A1B81E1F6D7E5500B95DF5 /* Assets.xcassets */ = {isa = PBXFileReference; lastKnownFileType = folder.assetcatalog; path = Assets.xcassets; sourceTree = "<group>"; };
		D9A1B8211F6D7E5500B95DF5 /* Base */ = {isa = PBXFileReference; lastKnownFileType = file.storyboard; name = Base; path = Base.lproj/LaunchScreen.storyboard; sourceTree = "<group>"; };
		D9A1B8231F6D7E5500B95DF5 /* Info.plist */ = {isa = PBXFileReference; lastKnownFileType = text.plist.xml; path = Info.plist; sourceTree = "<group>"; };
		D9A1B8281F6D7E5500B95DF5 /* StudentCollabTests.xctest */ = {isa = PBXFileReference; explicitFileType = wrapper.cfbundle; includeInIndex = 0; path = StudentCollabTests.xctest; sourceTree = BUILT_PRODUCTS_DIR; };
		D9A1B82C1F6D7E5500B95DF5 /* StudentCollabTests.swift */ = {isa = PBXFileReference; lastKnownFileType = sourcecode.swift; path = StudentCollabTests.swift; sourceTree = "<group>"; };
		D9A1B82E1F6D7E5500B95DF5 /* Info.plist */ = {isa = PBXFileReference; lastKnownFileType = text.plist.xml; path = Info.plist; sourceTree = "<group>"; };
		D9A1B8331F6D7E5500B95DF5 /* StudentCollabUITests.xctest */ = {isa = PBXFileReference; explicitFileType = wrapper.cfbundle; includeInIndex = 0; path = StudentCollabUITests.xctest; sourceTree = BUILT_PRODUCTS_DIR; };
		D9A1B8371F6D7E5500B95DF5 /* StudentCollabUITests.swift */ = {isa = PBXFileReference; lastKnownFileType = sourcecode.swift; path = StudentCollabUITests.swift; sourceTree = "<group>"; };
		D9A1B8391F6D7E5500B95DF5 /* Info.plist */ = {isa = PBXFileReference; lastKnownFileType = text.plist.xml; path = Info.plist; sourceTree = "<group>"; };
/* End PBXFileReference section */

/* Begin PBXFrameworksBuildPhase section */
		D9A1B8111F6D7E5500B95DF5 /* Frameworks */ = {
			isa = PBXFrameworksBuildPhase;
			buildActionMask = 2147483647;
			files = (
				6BDE67FA06BCFEA6CA0F79B8 /* Pods_StudentCollab.framework in Frameworks */,
			);
			runOnlyForDeploymentPostprocessing = 0;
		};
		D9A1B8251F6D7E5500B95DF5 /* Frameworks */ = {
			isa = PBXFrameworksBuildPhase;
			buildActionMask = 2147483647;
			files = (
				A47185E939CDE666E232934A /* Pods_StudentCollabTests.framework in Frameworks */,
			);
			runOnlyForDeploymentPostprocessing = 0;
		};
		D9A1B8301F6D7E5500B95DF5 /* Frameworks */ = {
			isa = PBXFrameworksBuildPhase;
			buildActionMask = 2147483647;
			files = (
				7122A5FE31F7AEEEBA2A7AE5 /* Pods_StudentCollabUITests.framework in Frameworks */,
			);
			runOnlyForDeploymentPostprocessing = 0;
		};
/* End PBXFrameworksBuildPhase section */

/* Begin PBXGroup section */
		2FF135E2FD233BA78ED94071 /* Pods */ = {
			isa = PBXGroup;
			children = (
				36BC9FF3E481A36483B628E2 /* Pods-StudentCollab.debug.xcconfig */,
				CC45F7E839719EE5F3AF4861 /* Pods-StudentCollab.release.xcconfig */,
				A31D79327C4ABC66CC224DDC /* Pods-StudentCollabTests.debug.xcconfig */,
				1DA209493C6D77CEF32011BA /* Pods-StudentCollabTests.release.xcconfig */,
				93890C83077639C2D941AC26 /* Pods-StudentCollabUITests.debug.xcconfig */,
				49023714336ECBC429C437FA /* Pods-StudentCollabUITests.release.xcconfig */,
			);
			name = Pods;
			sourceTree = "<group>";
		};
		7673E64BCD46055ADFDB263B /* Frameworks */ = {
			isa = PBXGroup;
			children = (
				A6C6BC8F008F288C4D855567 /* Pods_StudentCollab.framework */,
				C19B013AADB4939882B8FA55 /* Pods_StudentCollabTests.framework */,
				AA6E7399195B73E170B18A97 /* Pods_StudentCollabUITests.framework */,
			);
			name = Frameworks;
			sourceTree = "<group>";
		};
		D9A1B80B1F6D7E5500B95DF5 = {
			isa = PBXGroup;
			children = (
				D9A1B8161F6D7E5500B95DF5 /* StudentCollab */,
				D9A1B82B1F6D7E5500B95DF5 /* StudentCollabTests */,
				D9A1B8361F6D7E5500B95DF5 /* StudentCollabUITests */,
				D9A1B8151F6D7E5500B95DF5 /* Products */,
				2FF135E2FD233BA78ED94071 /* Pods */,
				7673E64BCD46055ADFDB263B /* Frameworks */,
			);
			sourceTree = "<group>";
		};
		D9A1B8151F6D7E5500B95DF5 /* Products */ = {
			isa = PBXGroup;
			children = (
				D9A1B8141F6D7E5500B95DF5 /* StudentCollab.app */,
				D9A1B8281F6D7E5500B95DF5 /* StudentCollabTests.xctest */,
				D9A1B8331F6D7E5500B95DF5 /* StudentCollabUITests.xctest */,
			);
			name = Products;
			sourceTree = "<group>";
		};
		D9A1B8161F6D7E5500B95DF5 /* StudentCollab */ = {
			isa = PBXGroup;
			children = (
				D95C366A1F6D8D1D006484C9 /* GoogleService-Info.plist */,
				D9A1B8171F6D7E5500B95DF5 /* AppDelegate.swift */,
				D9A1B8191F6D7E5500B95DF5 /* ViewController.swift */,
				D9A1B81B1F6D7E5500B95DF5 /* Main.storyboard */,
				D9A1B81E1F6D7E5500B95DF5 /* Assets.xcassets */,
				D9A1B8201F6D7E5500B95DF5 /* LaunchScreen.storyboard */,
				D9A1B8231F6D7E5500B95DF5 /* Info.plist */,
				D95C366E1F6DAB02006484C9 /* RoomsViewController.swift */,
				D95C36721F6DABE6006484C9 /* RoomsTableViewCell.swift */,
				D95C36761F6DF290006484C9 /* HostViewController.swift */,
			);
			path = StudentCollab;
			sourceTree = "<group>";
		};
		D9A1B82B1F6D7E5500B95DF5 /* StudentCollabTests */ = {
			isa = PBXGroup;
			children = (
				D9A1B82C1F6D7E5500B95DF5 /* StudentCollabTests.swift */,
				D9A1B82E1F6D7E5500B95DF5 /* Info.plist */,
			);
			path = StudentCollabTests;
			sourceTree = "<group>";
		};
		D9A1B8361F6D7E5500B95DF5 /* StudentCollabUITests */ = {
			isa = PBXGroup;
			children = (
				D9A1B8371F6D7E5500B95DF5 /* StudentCollabUITests.swift */,
				D9A1B8391F6D7E5500B95DF5 /* Info.plist */,
			);
			path = StudentCollabUITests;
			sourceTree = "<group>";
		};
/* End PBXGroup section */

/* Begin PBXNativeTarget section */
		D9A1B8131F6D7E5500B95DF5 /* StudentCollab */ = {
			isa = PBXNativeTarget;
			buildConfigurationList = D9A1B83C1F6D7E5500B95DF5 /* Build configuration list for PBXNativeTarget "StudentCollab" */;
			buildPhases = (
				B832532BDA0834F7538490AA /* [CP] Check Pods Manifest.lock */,
				D9A1B8101F6D7E5500B95DF5 /* Sources */,
				D9A1B8111F6D7E5500B95DF5 /* Frameworks */,
				D9A1B8121F6D7E5500B95DF5 /* Resources */,
				6B2078C94FF1913EDD3144A4 /* [CP] Embed Pods Frameworks */,
				649CA593C715F8753C952238 /* [CP] Copy Pods Resources */,
			);
			buildRules = (
			);
			dependencies = (
			);
			name = StudentCollab;
			productName = StudentCollab;
			productReference = D9A1B8141F6D7E5500B95DF5 /* StudentCollab.app */;
			productType = "com.apple.product-type.application";
		};
		D9A1B8271F6D7E5500B95DF5 /* StudentCollabTests */ = {
			isa = PBXNativeTarget;
			buildConfigurationList = D9A1B83F1F6D7E5500B95DF5 /* Build configuration list for PBXNativeTarget "StudentCollabTests" */;
			buildPhases = (
				0783379CD36CE6E32B3AC092 /* [CP] Check Pods Manifest.lock */,
				D9A1B8241F6D7E5500B95DF5 /* Sources */,
				D9A1B8251F6D7E5500B95DF5 /* Frameworks */,
				D9A1B8261F6D7E5500B95DF5 /* Resources */,
				52A821CFAFE2F8A2256CA277 /* [CP] Embed Pods Frameworks */,
				A21F0889622A063BCF50666C /* [CP] Copy Pods Resources */,
			);
			buildRules = (
			);
			dependencies = (
				D9A1B82A1F6D7E5500B95DF5 /* PBXTargetDependency */,
			);
			name = StudentCollabTests;
			productName = StudentCollabTests;
			productReference = D9A1B8281F6D7E5500B95DF5 /* StudentCollabTests.xctest */;
			productType = "com.apple.product-type.bundle.unit-test";
		};
		D9A1B8321F6D7E5500B95DF5 /* StudentCollabUITests */ = {
			isa = PBXNativeTarget;
			buildConfigurationList = D9A1B8421F6D7E5500B95DF5 /* Build configuration list for PBXNativeTarget "StudentCollabUITests" */;
			buildPhases = (
				9565F36AAEB4D3D9B69F8BA1 /* [CP] Check Pods Manifest.lock */,
				D9A1B82F1F6D7E5500B95DF5 /* Sources */,
				D9A1B8301F6D7E5500B95DF5 /* Frameworks */,
				D9A1B8311F6D7E5500B95DF5 /* Resources */,
				82F6B599C44B2049A7A50E03 /* [CP] Embed Pods Frameworks */,
				7B3E9C0615F7D46A61A3130E /* [CP] Copy Pods Resources */,
			);
			buildRules = (
			);
			dependencies = (
				D9A1B8351F6D7E5500B95DF5 /* PBXTargetDependency */,
			);
			name = StudentCollabUITests;
			productName = StudentCollabUITests;
			productReference = D9A1B8331F6D7E5500B95DF5 /* StudentCollabUITests.xctest */;
			productType = "com.apple.product-type.bundle.ui-testing";
		};
/* End PBXNativeTarget section */

/* Begin PBXProject section */
		D9A1B80C1F6D7E5500B95DF5 /* Project object */ = {
			isa = PBXProject;
			attributes = {
				LastSwiftUpdateCheck = 0830;
				LastUpgradeCheck = 0830;
				ORGANIZATIONNAME = "Mohamed Yassin";
				TargetAttributes = {
					D9A1B8131F6D7E5500B95DF5 = {
						CreatedOnToolsVersion = 8.3.3;
						DevelopmentTeam = UHY3XGG3J3;
						ProvisioningStyle = Automatic;
					};
					D9A1B8271F6D7E5500B95DF5 = {
						CreatedOnToolsVersion = 8.3.3;
						DevelopmentTeam = UHY3XGG3J3;
						ProvisioningStyle = Automatic;
						TestTargetID = D9A1B8131F6D7E5500B95DF5;
					};
					D9A1B8321F6D7E5500B95DF5 = {
						CreatedOnToolsVersion = 8.3.3;
						DevelopmentTeam = UHY3XGG3J3;
						ProvisioningStyle = Automatic;
						TestTargetID = D9A1B8131F6D7E5500B95DF5;
					};
				};
			};
			buildConfigurationList = D9A1B80F1F6D7E5500B95DF5 /* Build configuration list for PBXProject "StudentCollab" */;
			compatibilityVersion = "Xcode 3.2";
			developmentRegion = English;
			hasScannedForEncodings = 0;
			knownRegions = (
				en,
				Base,
			);
			mainGroup = D9A1B80B1F6D7E5500B95DF5;
			productRefGroup = D9A1B8151F6D7E5500B95DF5 /* Products */;
			projectDirPath = "";
			projectRoot = "";
			targets = (
				D9A1B8131F6D7E5500B95DF5 /* StudentCollab */,
				D9A1B8271F6D7E5500B95DF5 /* StudentCollabTests */,
				D9A1B8321F6D7E5500B95DF5 /* StudentCollabUITests */,
			);
		};
/* End PBXProject section */

/* Begin PBXResourcesBuildPhase section */
		D9A1B8121F6D7E5500B95DF5 /* Resources */ = {
			isa = PBXResourcesBuildPhase;
			buildActionMask = 2147483647;
			files = (
				D9A1B8221F6D7E5500B95DF5 /* LaunchScreen.storyboard in Resources */,
				D95C366B1F6D8D1D006484C9 /* GoogleService-Info.plist in Resources */,
				D9A1B81F1F6D7E5500B95DF5 /* Assets.xcassets in Resources */,
				D9A1B81D1F6D7E5500B95DF5 /* Main.storyboard in Resources */,
			);
			runOnlyForDeploymentPostprocessing = 0;
		};
		D9A1B8261F6D7E5500B95DF5 /* Resources */ = {
			isa = PBXResourcesBuildPhase;
			buildActionMask = 2147483647;
			files = (
			);
			runOnlyForDeploymentPostprocessing = 0;
		};
		D9A1B8311F6D7E5500B95DF5 /* Resources */ = {
			isa = PBXResourcesBuildPhase;
			buildActionMask = 2147483647;
			files = (
			);
			runOnlyForDeploymentPostprocessing = 0;
		};
/* End PBXResourcesBuildPhase section */

/* Begin PBXShellScriptBuildPhase section */
		0783379CD36CE6E32B3AC092 /* [CP] Check Pods Manifest.lock */ = {
			isa = PBXShellScriptBuildPhase;
			buildActionMask = 2147483647;
			files = (
			);
			inputPaths = (
			);
			name = "[CP] Check Pods Manifest.lock";
			outputPaths = (
			);
			runOnlyForDeploymentPostprocessing = 0;
			shellPath = /bin/sh;
			shellScript = "diff \"${PODS_PODFILE_DIR_PATH}/Podfile.lock\" \"${PODS_ROOT}/Manifest.lock\" > /dev/null\nif [ $? != 0 ] ; then\n    # print error to STDERR\n    echo \"error: The sandbox is not in sync with the Podfile.lock. Run 'pod install' or update your CocoaPods installation.\" >&2\n    exit 1\nfi\n";
			showEnvVarsInLog = 0;
		};
		52A821CFAFE2F8A2256CA277 /* [CP] Embed Pods Frameworks */ = {
			isa = PBXShellScriptBuildPhase;
			buildActionMask = 2147483647;
			files = (
			);
			inputPaths = (
			);
			name = "[CP] Embed Pods Frameworks";
			outputPaths = (
			);
			runOnlyForDeploymentPostprocessing = 0;
			shellPath = /bin/sh;
			shellScript = "\"${SRCROOT}/Pods/Target Support Files/Pods-StudentCollabTests/Pods-StudentCollabTests-frameworks.sh\"\n";
			showEnvVarsInLog = 0;
		};
		649CA593C715F8753C952238 /* [CP] Copy Pods Resources */ = {
			isa = PBXShellScriptBuildPhase;
			buildActionMask = 2147483647;
			files = (
			);
			inputPaths = (
			);
			name = "[CP] Copy Pods Resources";
			outputPaths = (
			);
			runOnlyForDeploymentPostprocessing = 0;
			shellPath = /bin/sh;
			shellScript = "\"${SRCROOT}/Pods/Target Support Files/Pods-StudentCollab/Pods-StudentCollab-resources.sh\"\n";
			showEnvVarsInLog = 0;
		};
		6B2078C94FF1913EDD3144A4 /* [CP] Embed Pods Frameworks */ = {
			isa = PBXShellScriptBuildPhase;
			buildActionMask = 2147483647;
			files = (
			);
			inputPaths = (
			);
			name = "[CP] Embed Pods Frameworks";
			outputPaths = (
			);
			runOnlyForDeploymentPostprocessing = 0;
			shellPath = /bin/sh;
			shellScript = "\"${SRCROOT}/Pods/Target Support Files/Pods-StudentCollab/Pods-StudentCollab-frameworks.sh\"\n";
			showEnvVarsInLog = 0;
		};
		7B3E9C0615F7D46A61A3130E /* [CP] Copy Pods Resources */ = {
			isa = PBXShellScriptBuildPhase;
			buildActionMask = 2147483647;
			files = (
			);
			inputPaths = (
			);
			name = "[CP] Copy Pods Resources";
			outputPaths = (
			);
			runOnlyForDeploymentPostprocessing = 0;
			shellPath = /bin/sh;
			shellScript = "\"${SRCROOT}/Pods/Target Support Files/Pods-StudentCollabUITests/Pods-StudentCollabUITests-resources.sh\"\n";
			showEnvVarsInLog = 0;
		};
		82F6B599C44B2049A7A50E03 /* [CP] Embed Pods Frameworks */ = {
			isa = PBXShellScriptBuildPhase;
			buildActionMask = 2147483647;
			files = (
			);
			inputPaths = (
			);
			name = "[CP] Embed Pods Frameworks";
			outputPaths = (
			);
			runOnlyForDeploymentPostprocessing = 0;
			shellPath = /bin/sh;
			shellScript = "\"${SRCROOT}/Pods/Target Support Files/Pods-StudentCollabUITests/Pods-StudentCollabUITests-frameworks.sh\"\n";
			showEnvVarsInLog = 0;
		};
		9565F36AAEB4D3D9B69F8BA1 /* [CP] Check Pods Manifest.lock */ = {
			isa = PBXShellScriptBuildPhase;
			buildActionMask = 2147483647;
			files = (
			);
			inputPaths = (
			);
			name = "[CP] Check Pods Manifest.lock";
			outputPaths = (
			);
			runOnlyForDeploymentPostprocessing = 0;
			shellPath = /bin/sh;
			shellScript = "diff \"${PODS_PODFILE_DIR_PATH}/Podfile.lock\" \"${PODS_ROOT}/Manifest.lock\" > /dev/null\nif [ $? != 0 ] ; then\n    # print error to STDERR\n    echo \"error: The sandbox is not in sync with the Podfile.lock. Run 'pod install' or update your CocoaPods installation.\" >&2\n    exit 1\nfi\n";
			showEnvVarsInLog = 0;
		};
		A21F0889622A063BCF50666C /* [CP] Copy Pods Resources */ = {
			isa = PBXShellScriptBuildPhase;
			buildActionMask = 2147483647;
			files = (
			);
			inputPaths = (
			);
			name = "[CP] Copy Pods Resources";
			outputPaths = (
			);
			runOnlyForDeploymentPostprocessing = 0;
			shellPath = /bin/sh;
			shellScript = "\"${SRCROOT}/Pods/Target Support Files/Pods-StudentCollabTests/Pods-StudentCollabTests-resources.sh\"\n";
			showEnvVarsInLog = 0;
		};
		B832532BDA0834F7538490AA /* [CP] Check Pods Manifest.lock */ = {
			isa = PBXShellScriptBuildPhase;
			buildActionMask = 2147483647;
			files = (
			);
			inputPaths = (
			);
			name = "[CP] Check Pods Manifest.lock";
			outputPaths = (
			);
			runOnlyForDeploymentPostprocessing = 0;
			shellPath = /bin/sh;
			shellScript = "diff \"${PODS_PODFILE_DIR_PATH}/Podfile.lock\" \"${PODS_ROOT}/Manifest.lock\" > /dev/null\nif [ $? != 0 ] ; then\n    # print error to STDERR\n    echo \"error: The sandbox is not in sync with the Podfile.lock. Run 'pod install' or update your CocoaPods installation.\" >&2\n    exit 1\nfi\n";
			showEnvVarsInLog = 0;
		};
/* End PBXShellScriptBuildPhase section */

/* Begin PBXSourcesBuildPhase section */
		D9A1B8101F6D7E5500B95DF5 /* Sources */ = {
			isa = PBXSourcesBuildPhase;
			buildActionMask = 2147483647;
			files = (
				D9A1B81A1F6D7E5500B95DF5 /* ViewController.swift in Sources */,
				D95C36771F6DF290006484C9 /* HostViewController.swift in Sources */,
				D9A1B8181F6D7E5500B95DF5 /* AppDelegate.swift in Sources */,
				D95C36731F6DABE6006484C9 /* RoomsTableViewCell.swift in Sources */,
				D95C366F1F6DAB02006484C9 /* RoomsViewController.swift in Sources */,
			);
			runOnlyForDeploymentPostprocessing = 0;
		};
		D9A1B8241F6D7E5500B95DF5 /* Sources */ = {
			isa = PBXSourcesBuildPhase;
			buildActionMask = 2147483647;
			files = (
				D9A1B82D1F6D7E5500B95DF5 /* StudentCollabTests.swift in Sources */,
			);
			runOnlyForDeploymentPostprocessing = 0;
		};
		D9A1B82F1F6D7E5500B95DF5 /* Sources */ = {
			isa = PBXSourcesBuildPhase;
			buildActionMask = 2147483647;
			files = (
				D9A1B8381F6D7E5500B95DF5 /* StudentCollabUITests.swift in Sources */,
			);
			runOnlyForDeploymentPostprocessing = 0;
		};
/* End PBXSourcesBuildPhase section */

/* Begin PBXTargetDependency section */
		D9A1B82A1F6D7E5500B95DF5 /* PBXTargetDependency */ = {
			isa = PBXTargetDependency;
			target = D9A1B8131F6D7E5500B95DF5 /* StudentCollab */;
			targetProxy = D9A1B8291F6D7E5500B95DF5 /* PBXContainerItemProxy */;
		};
		D9A1B8351F6D7E5500B95DF5 /* PBXTargetDependency */ = {
			isa = PBXTargetDependency;
			target = D9A1B8131F6D7E5500B95DF5 /* StudentCollab */;
			targetProxy = D9A1B8341F6D7E5500B95DF5 /* PBXContainerItemProxy */;
		};
/* End PBXTargetDependency section */

/* Begin PBXVariantGroup section */
		D9A1B81B1F6D7E5500B95DF5 /* Main.storyboard */ = {
			isa = PBXVariantGroup;
			children = (
				D9A1B81C1F6D7E5500B95DF5 /* Base */,
			);
			name = Main.storyboard;
			sourceTree = "<group>";
		};
		D9A1B8201F6D7E5500B95DF5 /* LaunchScreen.storyboard */ = {
			isa = PBXVariantGroup;
			children = (
				D9A1B8211F6D7E5500B95DF5 /* Base */,
			);
			name = LaunchScreen.storyboard;
			sourceTree = "<group>";
		};
/* End PBXVariantGroup section */

/* Begin XCBuildConfiguration section */
		D9A1B83A1F6D7E5500B95DF5 /* Debug */ = {
			isa = XCBuildConfiguration;
			buildSettings = {
				ALWAYS_SEARCH_USER_PATHS = NO;
				CLANG_ANALYZER_NONNULL = YES;
				CLANG_ANALYZER_NUMBER_OBJECT_CONVERSION = YES_AGGRESSIVE;
				CLANG_CXX_LANGUAGE_STANDARD = "gnu++0x";
				CLANG_CXX_LIBRARY = "libc++";
				CLANG_ENABLE_MODULES = YES;
				CLANG_ENABLE_OBJC_ARC = YES;
				CLANG_WARN_BOOL_CONVERSION = YES;
				CLANG_WARN_CONSTANT_CONVERSION = YES;
				CLANG_WARN_DIRECT_OBJC_ISA_USAGE = YES_ERROR;
				CLANG_WARN_DOCUMENTATION_COMMENTS = YES;
				CLANG_WARN_EMPTY_BODY = YES;
				CLANG_WARN_ENUM_CONVERSION = YES;
				CLANG_WARN_INFINITE_RECURSION = YES;
				CLANG_WARN_INT_CONVERSION = YES;
				CLANG_WARN_OBJC_ROOT_CLASS = YES_ERROR;
				CLANG_WARN_SUSPICIOUS_MOVE = YES;
				CLANG_WARN_UNREACHABLE_CODE = YES;
				CLANG_WARN__DUPLICATE_METHOD_MATCH = YES;
				"CODE_SIGN_IDENTITY[sdk=iphoneos*]" = "iPhone Developer";
				COPY_PHASE_STRIP = NO;
				DEBUG_INFORMATION_FORMAT = dwarf;
				ENABLE_STRICT_OBJC_MSGSEND = YES;
				ENABLE_TESTABILITY = YES;
				GCC_C_LANGUAGE_STANDARD = gnu99;
				GCC_DYNAMIC_NO_PIC = NO;
				GCC_NO_COMMON_BLOCKS = YES;
				GCC_OPTIMIZATION_LEVEL = 0;
				GCC_PREPROCESSOR_DEFINITIONS = (
					"DEBUG=1",
					"$(inherited)",
				);
				GCC_WARN_64_TO_32_BIT_CONVERSION = YES;
				GCC_WARN_ABOUT_RETURN_TYPE = YES_ERROR;
				GCC_WARN_UNDECLARED_SELECTOR = YES;
				GCC_WARN_UNINITIALIZED_AUTOS = YES_AGGRESSIVE;
				GCC_WARN_UNUSED_FUNCTION = YES;
				GCC_WARN_UNUSED_VARIABLE = YES;
				IPHONEOS_DEPLOYMENT_TARGET = 10.3;
				MTL_ENABLE_DEBUG_INFO = YES;
				ONLY_ACTIVE_ARCH = YES;
				SDKROOT = iphoneos;
				SWIFT_ACTIVE_COMPILATION_CONDITIONS = DEBUG;
				SWIFT_OPTIMIZATION_LEVEL = "-Onone";
			};
			name = Debug;
		};
		D9A1B83B1F6D7E5500B95DF5 /* Release */ = {
			isa = XCBuildConfiguration;
			buildSettings = {
				ALWAYS_SEARCH_USER_PATHS = NO;
				CLANG_ANALYZER_NONNULL = YES;
				CLANG_ANALYZER_NUMBER_OBJECT_CONVERSION = YES_AGGRESSIVE;
				CLANG_CXX_LANGUAGE_STANDARD = "gnu++0x";
				CLANG_CXX_LIBRARY = "libc++";
				CLANG_ENABLE_MODULES = YES;
				CLANG_ENABLE_OBJC_ARC = YES;
				CLANG_WARN_BOOL_CONVERSION = YES;
				CLANG_WARN_CONSTANT_CONVERSION = YES;
				CLANG_WARN_DIRECT_OBJC_ISA_USAGE = YES_ERROR;
				CLANG_WARN_DOCUMENTATION_COMMENTS = YES;
				CLANG_WARN_EMPTY_BODY = YES;
				CLANG_WARN_ENUM_CONVERSION = YES;
				CLANG_WARN_INFINITE_RECURSION = YES;
				CLANG_WARN_INT_CONVERSION = YES;
				CLANG_WARN_OBJC_ROOT_CLASS = YES_ERROR;
				CLANG_WARN_SUSPICIOUS_MOVE = YES;
				CLANG_WARN_UNREACHABLE_CODE = YES;
				CLANG_WARN__DUPLICATE_METHOD_MATCH = YES;
				"CODE_SIGN_IDENTITY[sdk=iphoneos*]" = "iPhone Developer";
				COPY_PHASE_STRIP = NO;
				DEBUG_INFORMATION_FORMAT = "dwarf-with-dsym";
				ENABLE_NS_ASSERTIONS = NO;
				ENABLE_STRICT_OBJC_MSGSEND = YES;
				GCC_C_LANGUAGE_STANDARD = gnu99;
				GCC_NO_COMMON_BLOCKS = YES;
				GCC_WARN_64_TO_32_BIT_CONVERSION = YES;
				GCC_WARN_ABOUT_RETURN_TYPE = YES_ERROR;
				GCC_WARN_UNDECLARED_SELECTOR = YES;
				GCC_WARN_UNINITIALIZED_AUTOS = YES_AGGRESSIVE;
				GCC_WARN_UNUSED_FUNCTION = YES;
				GCC_WARN_UNUSED_VARIABLE = YES;
				IPHONEOS_DEPLOYMENT_TARGET = 10.3;
				MTL_ENABLE_DEBUG_INFO = NO;
				SDKROOT = iphoneos;
				SWIFT_OPTIMIZATION_LEVEL = "-Owholemodule";
				VALIDATE_PRODUCT = YES;
			};
			name = Release;
		};
		D9A1B83D1F6D7E5500B95DF5 /* Debug */ = {
			isa = XCBuildConfiguration;
			baseConfigurationReference = 36BC9FF3E481A36483B628E2 /* Pods-StudentCollab.debug.xcconfig */;
			buildSettings = {
				ASSETCATALOG_COMPILER_APPICON_NAME = AppIcon;
				DEVELOPMENT_TEAM = UHY3XGG3J3;
				INFOPLIST_FILE = StudentCollab/Info.plist;
				LD_RUNPATH_SEARCH_PATHS = "$(inherited) @executable_path/Frameworks";
				PRODUCT_BUNDLE_IDENTIFIER = com.mayassin.StudentCollab;
				PRODUCT_NAME = "$(TARGET_NAME)";
				SWIFT_VERSION = 3.0;
			};
			name = Debug;
		};
		D9A1B83E1F6D7E5500B95DF5 /* Release */ = {
			isa = XCBuildConfiguration;
			baseConfigurationReference = CC45F7E839719EE5F3AF4861 /* Pods-StudentCollab.release.xcconfig */;
			buildSettings = {
				ASSETCATALOG_COMPILER_APPICON_NAME = AppIcon;
				DEVELOPMENT_TEAM = UHY3XGG3J3;
				INFOPLIST_FILE = StudentCollab/Info.plist;
				LD_RUNPATH_SEARCH_PATHS = "$(inherited) @executable_path/Frameworks";
				PRODUCT_BUNDLE_IDENTIFIER = com.mayassin.StudentCollab;
				PRODUCT_NAME = "$(TARGET_NAME)";
				SWIFT_VERSION = 3.0;
			};
			name = Release;
		};
		D9A1B8401F6D7E5500B95DF5 /* Debug */ = {
			isa = XCBuildConfiguration;
			baseConfigurationReference = A31D79327C4ABC66CC224DDC /* Pods-StudentCollabTests.debug.xcconfig */;
			buildSettings = {
				ALWAYS_EMBED_SWIFT_STANDARD_LIBRARIES = YES;
				BUNDLE_LOADER = "$(TEST_HOST)";
				DEVELOPMENT_TEAM = UHY3XGG3J3;
				INFOPLIST_FILE = StudentCollabTests/Info.plist;
				LD_RUNPATH_SEARCH_PATHS = "$(inherited) @executable_path/Frameworks @loader_path/Frameworks";
				PRODUCT_BUNDLE_IDENTIFIER = com.mayassin.StudentCollabTests;
				PRODUCT_NAME = "$(TARGET_NAME)";
				SWIFT_VERSION = 3.0;
				TEST_HOST = "$(BUILT_PRODUCTS_DIR)/StudentCollab.app/StudentCollab";
			};
			name = Debug;
		};
		D9A1B8411F6D7E5500B95DF5 /* Release */ = {
			isa = XCBuildConfiguration;
			baseConfigurationReference = 1DA209493C6D77CEF32011BA /* Pods-StudentCollabTests.release.xcconfig */;
			buildSettings = {
				ALWAYS_EMBED_SWIFT_STANDARD_LIBRARIES = YES;
				BUNDLE_LOADER = "$(TEST_HOST)";
				DEVELOPMENT_TEAM = UHY3XGG3J3;
				INFOPLIST_FILE = StudentCollabTests/Info.plist;
				LD_RUNPATH_SEARCH_PATHS = "$(inherited) @executable_path/Frameworks @loader_path/Frameworks";
				PRODUCT_BUNDLE_IDENTIFIER = com.mayassin.StudentCollabTests;
				PRODUCT_NAME = "$(TARGET_NAME)";
				SWIFT_VERSION = 3.0;
				TEST_HOST = "$(BUILT_PRODUCTS_DIR)/StudentCollab.app/StudentCollab";
			};
			name = Release;
		};
		D9A1B8431F6D7E5500B95DF5 /* Debug */ = {
			isa = XCBuildConfiguration;
			baseConfigurationReference = 93890C83077639C2D941AC26 /* Pods-StudentCollabUITests.debug.xcconfig */;
			buildSettings = {
				ALWAYS_EMBED_SWIFT_STANDARD_LIBRARIES = YES;
				DEVELOPMENT_TEAM = UHY3XGG3J3;
				INFOPLIST_FILE = StudentCollabUITests/Info.plist;
				LD_RUNPATH_SEARCH_PATHS = "$(inherited) @executable_path/Frameworks @loader_path/Frameworks";
				PRODUCT_BUNDLE_IDENTIFIER = com.mayassin.StudentCollabUITests;
				PRODUCT_NAME = "$(TARGET_NAME)";
				SWIFT_VERSION = 3.0;
				TEST_TARGET_NAME = StudentCollab;
			};
			name = Debug;
		};
		D9A1B8441F6D7E5500B95DF5 /* Release */ = {
			isa = XCBuildConfiguration;
			baseConfigurationReference = 49023714336ECBC429C437FA /* Pods-StudentCollabUITests.release.xcconfig */;
			buildSettings = {
				ALWAYS_EMBED_SWIFT_STANDARD_LIBRARIES = YES;
				DEVELOPMENT_TEAM = UHY3XGG3J3;
				INFOPLIST_FILE = StudentCollabUITests/Info.plist;
				LD_RUNPATH_SEARCH_PATHS = "$(inherited) @executable_path/Frameworks @loader_path/Frameworks";
				PRODUCT_BUNDLE_IDENTIFIER = com.mayassin.StudentCollabUITests;
				PRODUCT_NAME = "$(TARGET_NAME)";
				SWIFT_VERSION = 3.0;
				TEST_TARGET_NAME = StudentCollab;
			};
			name = Release;
		};
/* End XCBuildConfiguration section */

/* Begin XCConfigurationList section */
		D9A1B80F1F6D7E5500B95DF5 /* Build configuration list for PBXProject "StudentCollab" */ = {
			isa = XCConfigurationList;
			buildConfigurations = (
				D9A1B83A1F6D7E5500B95DF5 /* Debug */,
				D9A1B83B1F6D7E5500B95DF5 /* Release */,
			);
			defaultConfigurationIsVisible = 0;
			defaultConfigurationName = Release;
		};
		D9A1B83C1F6D7E5500B95DF5 /* Build configuration list for PBXNativeTarget "StudentCollab" */ = {
			isa = XCConfigurationList;
			buildConfigurations = (
				D9A1B83D1F6D7E5500B95DF5 /* Debug */,
				D9A1B83E1F6D7E5500B95DF5 /* Release */,
			);
			defaultConfigurationIsVisible = 0;
			defaultConfigurationName = Release;
		};
		D9A1B83F1F6D7E5500B95DF5 /* Build configuration list for PBXNativeTarget "StudentCollabTests" */ = {
			isa = XCConfigurationList;
			buildConfigurations = (
				D9A1B8401F6D7E5500B95DF5 /* Debug */,
				D9A1B8411F6D7E5500B95DF5 /* Release */,
			);
			defaultConfigurationIsVisible = 0;
			defaultConfigurationName = Release;
		};
		D9A1B8421F6D7E5500B95DF5 /* Build configuration list for PBXNativeTarget "StudentCollabUITests" */ = {
			isa = XCConfigurationList;
			buildConfigurations = (
				D9A1B8431F6D7E5500B95DF5 /* Debug */,
				D9A1B8441F6D7E5500B95DF5 /* Release */,
			);
			defaultConfigurationIsVisible = 0;
			defaultConfigurationName = Release;
		};
/* End XCConfigurationList section */
	};
	rootObject = D9A1B80C1F6D7E5500B95DF5 /* Project object */;
}
